<?xml version="1.0" encoding="utf-8"?>
<Project ToolsVersion="4.0" xmlns="http://schemas.microsoft.com/developer/msbuild/2003">
  <ItemGroup>
    <Filter Include="Common">
      <UniqueIdentifier>9a6f30c9-ca04-4985-acd5-f0aa3f9f34b5</UniqueIdentifier>
    </Filter>
    <Filter Include="Assets">
      <UniqueIdentifier>25ac590d-a2b7-489f-98c1-c5011fe2f4ab</UniqueIdentifier>
      <Extensions>ico;cur;bmp;dds;dlg;fbx;rct;bin;rgs;gif;jpg;jpeg;jpe;resx;tga;tiff;tif;png;wav;mfcribbon-ms</Extensions>
    </Filter>
    <Filter Include="Game">
      <UniqueIdentifier>{0834be7e-0543-4c81-8fef-a51ebcfdc703}</UniqueIdentifier>
    </Filter>
  </ItemGroup>
  <ItemGroup>
    <ClInclude Include="pch.h" />
    <ClInclude Include="Game.h" />
    <ClInclude Include="StepTimer.h">
      <Filter>Common</Filter>
    </ClInclude>
    <ClInclude Include="DeviceResources.h">
      <Filter>Common</Filter>
    </ClInclude>
    <ClInclude Include="ObjectBase.h">
      <Filter>Game</Filter>
    </ClInclude>
    <ClInclude Include="GameTitle.h">
      <Filter>Game</Filter>
    </ClInclude>
    <ClInclude Include="GamePlay.h">
      <Filter>Game</Filter>
    </ClInclude>
    <ClInclude Include="GameOver.h">
      <Filter>Game</Filter>
    </ClInclude>
    <ClInclude Include="GameLogo.h">
      <Filter>Game</Filter>
    </ClInclude>
    <ClInclude Include="GameMain.h">
      <Filter>Game</Filter>
    </ClInclude>
    <ClInclude Include="GameClear.h">
      <Filter>Game</Filter>
    </ClInclude>
    <ClInclude Include="GameBase.h">
      <Filter>Game</Filter>
    </ClInclude>
    <ClInclude Include="Clock.h">
      <Filter>Game</Filter>
    </ClInclude>
    <ClInclude Include="Player.h">
      <Filter>Game</Filter>
    </ClInclude>
    <ClInclude Include="Direct3D.h" />
    <ClInclude Include="DirectXTK.h" />
    <ClInclude Include="Wire.h">
      <Filter>Game</Filter>
    </ClInclude>
  </ItemGroup>
  <ItemGroup>
    <ClCompile Include="pch.cpp" />
    <ClCompile Include="Game.cpp" />
    <ClCompile Include="Main.cpp" />
    <ClCompile Include="DeviceResources.cpp">
      <Filter>Common</Filter>
    </ClCompile>
    <ClCompile Include="ObjectBase.cpp">
      <Filter>Game</Filter>
    </ClCompile>
    <ClCompile Include="GameTitle.cpp">
      <Filter>Game</Filter>
    </ClCompile>
    <ClCompile Include="GamePlay.cpp">
      <Filter>Game</Filter>
    </ClCompile>
    <ClCompile Include="GameOver.cpp">
      <Filter>Game</Filter>
    </ClCompile>
    <ClCompile Include="GameLogo.cpp">
      <Filter>Game</Filter>
    </ClCompile>
    <ClCompile Include="GameMain.cpp">
      <Filter>Game</Filter>
    </ClCompile>
    <ClCompile Include="GameClear.cpp">
      <Filter>Game</Filter>
    </ClCompile>
    <ClCompile Include="Clock.cpp">
      <Filter>Game</Filter>
    </ClCompile>
    <ClCompile Include="Player.cpp">
      <Filter>Game</Filter>
    </ClCompile>
    <ClCompile Include="Direct3D.cpp" />
    <ClCompile Include="DirectXTK.cpp" />
    <ClCompile Include="Wire.cpp">
      <Filter>Game</Filter>
    </ClCompile>
  </ItemGroup>
  <ItemGroup>
    <ResourceCompile Include="resource.rc" />
  </ItemGroup>
  <ItemGroup>
    <Image Include="directx.ico">
      <Filter>Assets</Filter>
    </Image>
  </ItemGroup>
  <ItemGroup>
    <Manifest Include="settings.manifest">
      <Filter>Assets</Filter>
    </Manifest>
  </ItemGroup>
</Project>